// !$*UTF8*$!
{
	archiveVersion = 1;
	classes = {
	};
	objectVersion = 56;
	objects = {

/* Begin PBXBuildFile section */
		2C415178C54FEFB4EB598C04 /* Pods_Diplom.framework in Frameworks */ = {isa = PBXBuildFile; fileRef = 033C456B62ECC56F528E9268 /* Pods_Diplom.framework */; };
		3D4173AD298AF669003E27F5 /* AppButton.swift in Sources */ = {isa = PBXBuildFile; fileRef = 3D4173AC298AF669003E27F5 /* AppButton.swift */; };
		3D4173AF298B057B003E27F5 /* BluetoothView.swift in Sources */ = {isa = PBXBuildFile; fileRef = 3D4173AE298B057B003E27F5 /* BluetoothView.swift */; };
		3D4A5B1829804019005550E1 /* AppDelegate.swift in Sources */ = {isa = PBXBuildFile; fileRef = 3D4A5B1729804019005550E1 /* AppDelegate.swift */; };
		3D4A5B1A29804019005550E1 /* SceneDelegate.swift in Sources */ = {isa = PBXBuildFile; fileRef = 3D4A5B1929804019005550E1 /* SceneDelegate.swift */; };
		3D4A5B1C29804019005550E1 /* MainNavigationController.swift in Sources */ = {isa = PBXBuildFile; fileRef = 3D4A5B1B29804019005550E1 /* MainNavigationController.swift */; };
		3D4A5B212980401A005550E1 /* Assets.xcassets in Resources */ = {isa = PBXBuildFile; fileRef = 3D4A5B202980401A005550E1 /* Assets.xcassets */; };
		3D4A5B242980401A005550E1 /* LaunchScreen.storyboard in Resources */ = {isa = PBXBuildFile; fileRef = 3D4A5B222980401A005550E1 /* LaunchScreen.storyboard */; };
		3D4A5B3629804705005550E1 /* MeasureVC.swift in Sources */ = {isa = PBXBuildFile; fileRef = 3D4A5B3529804705005550E1 /* MeasureVC.swift */; };
		3D4A5B382980474F005550E1 /* BluetoothVC.swift in Sources */ = {isa = PBXBuildFile; fileRef = 3D4A5B372980474F005550E1 /* BluetoothVC.swift */; };
		3D4A5B3A29804888005550E1 /* CalibrationVC.swift in Sources */ = {isa = PBXBuildFile; fileRef = 3D4A5B3929804888005550E1 /* CalibrationVC.swift */; };
		3D4A5B3C2980489A005550E1 /* StorageVC.swift in Sources */ = {isa = PBXBuildFile; fileRef = 3D4A5B3B2980489A005550E1 /* StorageVC.swift */; };
		3D4A5B3E298048B2005550E1 /* SettingsVC.swift in Sources */ = {isa = PBXBuildFile; fileRef = 3D4A5B3D298048B2005550E1 /* SettingsVC.swift */; };
		3D4A5B4129804D73005550E1 /* Resources.swift in Sources */ = {isa = PBXBuildFile; fileRef = 3D4A5B4029804D73005550E1 /* Resources.swift */; };
		3D4A5B4429805458005550E1 /* UIColor + Extension.swift in Sources */ = {isa = PBXBuildFile; fileRef = 3D4A5B4329805458005550E1 /* UIColor + Extension.swift */; };
		3D5423B129C0D737000E76CA /* BluetoothPresenter.swift in Sources */ = {isa = PBXBuildFile; fileRef = 3D5423B029C0D737000E76CA /* BluetoothPresenter.swift */; };
		3D5ADDD529A8C2E1009B46BE /* CalibrationTableColumn.swift in Sources */ = {isa = PBXBuildFile; fileRef = 3D5ADDD429A8C2E1009B46BE /* CalibrationTableColumn.swift */; };
		3D5ADDD629A8D8FE009B46BE /* CalibrationView.swift in Sources */ = {isa = PBXBuildFile; fileRef = 3DB91FFC29A79B8F00FA4A7D /* CalibrationView.swift */; };
		3D7699E0299F76A10066B790 /* SettigsView.swift in Sources */ = {isa = PBXBuildFile; fileRef = 3D7699DF299F76A10066B790 /* SettigsView.swift */; };
		3DAEC8A829BF01390080B157 /* BluetoothManager.swift in Sources */ = {isa = PBXBuildFile; fileRef = 3DAEC8A729BF01390080B157 /* BluetoothManager.swift */; };
		3DB1943329A3D9D80070DF3A /* TextField + Extension.swift in Sources */ = {isa = PBXBuildFile; fileRef = 3DB1943229A3D9D80070DF3A /* TextField + Extension.swift */; };
		3DB91FFB29A76E0500FA4A7D /* StorageView.swift in Sources */ = {isa = PBXBuildFile; fileRef = 3DB91FFA29A76E0500FA4A7D /* StorageView.swift */; };
		3DC712E0298175E400AE8960 /* MeasureView.swift in Sources */ = {isa = PBXBuildFile; fileRef = 3DC712DF298175E400AE8960 /* MeasureView.swift */; };
		3DF1BFB029C329BD00CE8F98 /* BluetoothTableView.swift in Sources */ = {isa = PBXBuildFile; fileRef = 3DF1BFAF29C329BD00CE8F98 /* BluetoothTableView.swift */; };
		3DF781412993EC78003E0E46 /* DataView.swift in Sources */ = {isa = PBXBuildFile; fileRef = 3DF781402993EC78003E0E46 /* DataView.swift */; };
/* End PBXBuildFile section */

/* Begin PBXFileReference section */
		033C456B62ECC56F528E9268 /* Pods_Diplom.framework */ = {isa = PBXFileReference; explicitFileType = wrapper.framework; includeInIndex = 0; path = Pods_Diplom.framework; sourceTree = BUILT_PRODUCTS_DIR; };
		1BAA7C823774D6163DD68DD3 /* Pods-Diplom.release.xcconfig */ = {isa = PBXFileReference; includeInIndex = 1; lastKnownFileType = text.xcconfig; name = "Pods-Diplom.release.xcconfig"; path = "Target Support Files/Pods-Diplom/Pods-Diplom.release.xcconfig"; sourceTree = "<group>"; };
		218BAB72934751F319C8455B /* Pods-Diplom.debug.xcconfig */ = {isa = PBXFileReference; includeInIndex = 1; lastKnownFileType = text.xcconfig; name = "Pods-Diplom.debug.xcconfig"; path = "Target Support Files/Pods-Diplom/Pods-Diplom.debug.xcconfig"; sourceTree = "<group>"; };
		3D4173AC298AF669003E27F5 /* AppButton.swift */ = {isa = PBXFileReference; lastKnownFileType = sourcecode.swift; path = AppButton.swift; sourceTree = "<group>"; };
		3D4173AE298B057B003E27F5 /* BluetoothView.swift */ = {isa = PBXFileReference; lastKnownFileType = sourcecode.swift; path = BluetoothView.swift; sourceTree = "<group>"; };
		3D4A5B1429804019005550E1 /* Diplom.app */ = {isa = PBXFileReference; explicitFileType = wrapper.application; includeInIndex = 0; path = Diplom.app; sourceTree = BUILT_PRODUCTS_DIR; };
		3D4A5B1729804019005550E1 /* AppDelegate.swift */ = {isa = PBXFileReference; lastKnownFileType = sourcecode.swift; path = AppDelegate.swift; sourceTree = "<group>"; };
		3D4A5B1929804019005550E1 /* SceneDelegate.swift */ = {isa = PBXFileReference; lastKnownFileType = sourcecode.swift; path = SceneDelegate.swift; sourceTree = "<group>"; };
		3D4A5B1B29804019005550E1 /* MainNavigationController.swift */ = {isa = PBXFileReference; lastKnownFileType = sourcecode.swift; path = MainNavigationController.swift; sourceTree = "<group>"; };
		3D4A5B202980401A005550E1 /* Assets.xcassets */ = {isa = PBXFileReference; lastKnownFileType = folder.assetcatalog; path = Assets.xcassets; sourceTree = "<group>"; };
		3D4A5B232980401A005550E1 /* Base */ = {isa = PBXFileReference; lastKnownFileType = file.storyboard; name = Base; path = Base.lproj/LaunchScreen.storyboard; sourceTree = "<group>"; };
		3D4A5B252980401A005550E1 /* Info.plist */ = {isa = PBXFileReference; lastKnownFileType = text.plist.xml; path = Info.plist; sourceTree = "<group>"; };
		3D4A5B3529804705005550E1 /* MeasureVC.swift */ = {isa = PBXFileReference; lastKnownFileType = sourcecode.swift; path = MeasureVC.swift; sourceTree = "<group>"; };
		3D4A5B372980474F005550E1 /* BluetoothVC.swift */ = {isa = PBXFileReference; lastKnownFileType = sourcecode.swift; path = BluetoothVC.swift; sourceTree = "<group>"; };
		3D4A5B3929804888005550E1 /* CalibrationVC.swift */ = {isa = PBXFileReference; lastKnownFileType = sourcecode.swift; path = CalibrationVC.swift; sourceTree = "<group>"; };
		3D4A5B3B2980489A005550E1 /* StorageVC.swift */ = {isa = PBXFileReference; lastKnownFileType = sourcecode.swift; path = StorageVC.swift; sourceTree = "<group>"; };
		3D4A5B3D298048B2005550E1 /* SettingsVC.swift */ = {isa = PBXFileReference; lastKnownFileType = sourcecode.swift; path = SettingsVC.swift; sourceTree = "<group>"; };
		3D4A5B4029804D73005550E1 /* Resources.swift */ = {isa = PBXFileReference; lastKnownFileType = sourcecode.swift; path = Resources.swift; sourceTree = "<group>"; };
		3D4A5B4329805458005550E1 /* UIColor + Extension.swift */ = {isa = PBXFileReference; lastKnownFileType = sourcecode.swift; path = "UIColor + Extension.swift"; sourceTree = "<group>"; };
		3D5423B029C0D737000E76CA /* BluetoothPresenter.swift */ = {isa = PBXFileReference; lastKnownFileType = sourcecode.swift; path = BluetoothPresenter.swift; sourceTree = "<group>"; };
		3D5ADDD429A8C2E1009B46BE /* CalibrationTableColumn.swift */ = {isa = PBXFileReference; lastKnownFileType = sourcecode.swift; path = CalibrationTableColumn.swift; sourceTree = "<group>"; };
		3D7699DF299F76A10066B790 /* SettigsView.swift */ = {isa = PBXFileReference; lastKnownFileType = sourcecode.swift; path = SettigsView.swift; sourceTree = "<group>"; };
		3DAEC8A729BF01390080B157 /* BluetoothManager.swift */ = {isa = PBXFileReference; lastKnownFileType = sourcecode.swift; path = BluetoothManager.swift; sourceTree = "<group>"; };
		3DB1943229A3D9D80070DF3A /* TextField + Extension.swift */ = {isa = PBXFileReference; lastKnownFileType = sourcecode.swift; path = "TextField + Extension.swift"; sourceTree = "<group>"; };
		3DB91FFA29A76E0500FA4A7D /* StorageView.swift */ = {isa = PBXFileReference; lastKnownFileType = sourcecode.swift; path = StorageView.swift; sourceTree = "<group>"; };
		3DB91FFC29A79B8F00FA4A7D /* CalibrationView.swift */ = {isa = PBXFileReference; lastKnownFileType = sourcecode.swift; path = CalibrationView.swift; sourceTree = "<group>"; };
		3DC712DF298175E400AE8960 /* MeasureView.swift */ = {isa = PBXFileReference; lastKnownFileType = sourcecode.swift; path = MeasureView.swift; sourceTree = "<group>"; };
		3DF1BFAF29C329BD00CE8F98 /* BluetoothTableView.swift */ = {isa = PBXFileReference; lastKnownFileType = sourcecode.swift; path = BluetoothTableView.swift; sourceTree = "<group>"; };
		3DF781402993EC78003E0E46 /* DataView.swift */ = {isa = PBXFileReference; lastKnownFileType = sourcecode.swift; path = DataView.swift; sourceTree = "<group>"; };
/* End PBXFileReference section */

/* Begin PBXFrameworksBuildPhase section */
		3D4A5B1129804019005550E1 /* Frameworks */ = {
			isa = PBXFrameworksBuildPhase;
			buildActionMask = 2147483647;
			files = (
				2C415178C54FEFB4EB598C04 /* Pods_Diplom.framework in Frameworks */,
			);
			runOnlyForDeploymentPostprocessing = 0;
		};
/* End PBXFrameworksBuildPhase section */

/* Begin PBXGroup section */
		3D4173AB298AF659003E27F5 /* CustomElements */ = {
			isa = PBXGroup;
			children = (
				3D4173AC298AF669003E27F5 /* AppButton.swift */,
			);
			path = CustomElements;
			sourceTree = "<group>";
		};
		3D4A5B0B29804019005550E1 = {
			isa = PBXGroup;
			children = (
				3D4A5B1629804019005550E1 /* Diplom */,
				3D4A5B1529804019005550E1 /* Products */,
				92A7C81F5EEEABF9CC751379 /* Pods */,
				D169C19BCF6810729B191020 /* Frameworks */,
			);
			sourceTree = "<group>";
		};
		3D4A5B1529804019005550E1 /* Products */ = {
			isa = PBXGroup;
			children = (
				3D4A5B1429804019005550E1 /* Diplom.app */,
			);
			name = Products;
			sourceTree = "<group>";
		};
		3D4A5B1629804019005550E1 /* Diplom */ = {
			isa = PBXGroup;
			children = (
				3D4A5B3F29804D66005550E1 /* Helpers */,
				3D4A5B2E29804172005550E1 /* API */,
				3D4A5B2D29804163005550E1 /* Screens */,
				3D4A5B2C2980404C005550E1 /* Application */,
				3D4A5B2B29804039005550E1 /* Resources */,
			);
			path = Diplom;
			sourceTree = "<group>";
		};
		3D4A5B2B29804039005550E1 /* Resources */ = {
			isa = PBXGroup;
			children = (
				3D4A5B252980401A005550E1 /* Info.plist */,
				3D4A5B202980401A005550E1 /* Assets.xcassets */,
				3D4A5B222980401A005550E1 /* LaunchScreen.storyboard */,
			);
			path = Resources;
			sourceTree = "<group>";
		};
		3D4A5B2C2980404C005550E1 /* Application */ = {
			isa = PBXGroup;
			children = (
				3D4A5B1729804019005550E1 /* AppDelegate.swift */,
				3D4A5B1929804019005550E1 /* SceneDelegate.swift */,
			);
			path = Application;
			sourceTree = "<group>";
		};
		3D4A5B2D29804163005550E1 /* Screens */ = {
			isa = PBXGroup;
			children = (
				3D4A5B34298045DA005550E1 /* MainFlow */,
				3D4A5B332980459E005550E1 /* Measure */,
				3D4A5B3229804571005550E1 /* Bluetooth */,
				3D4A5B312980452A005550E1 /* Calibration */,
				3D4A5B30298044D9005550E1 /* Storage */,
				3D4A5B2F29804478005550E1 /* Settings */,
			);
			path = Screens;
			sourceTree = "<group>";
		};
		3D4A5B2E29804172005550E1 /* API */ = {
			isa = PBXGroup;
			children = (
				3DAEC8A729BF01390080B157 /* BluetoothManager.swift */,
			);
			path = API;
			sourceTree = "<group>";
		};
		3D4A5B2F29804478005550E1 /* Settings */ = {
			isa = PBXGroup;
			children = (
				3D4A5B3D298048B2005550E1 /* SettingsVC.swift */,
				3D7699DF299F76A10066B790 /* SettigsView.swift */,
			);
			path = Settings;
			sourceTree = "<group>";
		};
		3D4A5B30298044D9005550E1 /* Storage */ = {
			isa = PBXGroup;
			children = (
				3D4A5B3B2980489A005550E1 /* StorageVC.swift */,
				3DB91FFA29A76E0500FA4A7D /* StorageView.swift */,
			);
			path = Storage;
			sourceTree = "<group>";
		};
		3D4A5B312980452A005550E1 /* Calibration */ = {
			isa = PBXGroup;
			children = (
				3D4A5B3929804888005550E1 /* CalibrationVC.swift */,
				3DB91FFC29A79B8F00FA4A7D /* CalibrationView.swift */,
				3D5ADDD429A8C2E1009B46BE /* CalibrationTableColumn.swift */,
			);
			path = Calibration;
			sourceTree = "<group>";
		};
		3D4A5B3229804571005550E1 /* Bluetooth */ = {
			isa = PBXGroup;
			children = (
				3D4A5B372980474F005550E1 /* BluetoothVC.swift */,
				3D4173AE298B057B003E27F5 /* BluetoothView.swift */,
				3D5423B029C0D737000E76CA /* BluetoothPresenter.swift */,
				3DF1BFB129C329CA00CE8F98 /* BluetoothTableView */,
			);
			path = Bluetooth;
			sourceTree = "<group>";
		};
		3D4A5B332980459E005550E1 /* Measure */ = {
			isa = PBXGroup;
			children = (
				3D4A5B3529804705005550E1 /* MeasureVC.swift */,
				3DC712DF298175E400AE8960 /* MeasureView.swift */,
				3DF781402993EC78003E0E46 /* DataView.swift */,
			);
			path = Measure;
			sourceTree = "<group>";
		};
		3D4A5B34298045DA005550E1 /* MainFlow */ = {
			isa = PBXGroup;
			children = (
				3D4A5B1B29804019005550E1 /* MainNavigationController.swift */,
			);
			path = MainFlow;
			sourceTree = "<group>";
		};
		3D4A5B3F29804D66005550E1 /* Helpers */ = {
			isa = PBXGroup;
			children = (
				3D4173AB298AF659003E27F5 /* CustomElements */,
				3D4A5B4229805114005550E1 /* Extensions */,
				3D4A5B4029804D73005550E1 /* Resources.swift */,
			);
			path = Helpers;
			sourceTree = "<group>";
		};
		3D4A5B4229805114005550E1 /* Extensions */ = {
			isa = PBXGroup;
			children = (
				3D4A5B4329805458005550E1 /* UIColor + Extension.swift */,
				3DB1943229A3D9D80070DF3A /* TextField + Extension.swift */,
			);
			path = Extensions;
			sourceTree = "<group>";
		};
		3DF1BFB129C329CA00CE8F98 /* BluetoothTableView */ = {
			isa = PBXGroup;
			children = (
				3DF1BFAF29C329BD00CE8F98 /* BluetoothTableView.swift */,
			);
			path = BluetoothTableView;
			sourceTree = "<group>";
		};
		92A7C81F5EEEABF9CC751379 /* Pods */ = {
			isa = PBXGroup;
			children = (
				218BAB72934751F319C8455B /* Pods-Diplom.debug.xcconfig */,
				1BAA7C823774D6163DD68DD3 /* Pods-Diplom.release.xcconfig */,
			);
			path = Pods;
			sourceTree = "<group>";
		};
		D169C19BCF6810729B191020 /* Frameworks */ = {
			isa = PBXGroup;
			children = (
				033C456B62ECC56F528E9268 /* Pods_Diplom.framework */,
			);
			name = Frameworks;
			sourceTree = "<group>";
		};
/* End PBXGroup section */

/* Begin PBXNativeTarget section */
		3D4A5B1329804019005550E1 /* Diplom */ = {
			isa = PBXNativeTarget;
			buildConfigurationList = 3D4A5B282980401A005550E1 /* Build configuration list for PBXNativeTarget "Diplom" */;
			buildPhases = (
				D5A108A8E0BCDFE507EE3C67 /* [CP] Check Pods Manifest.lock */,
				3D4A5B1029804019005550E1 /* Sources */,
				3D4A5B1129804019005550E1 /* Frameworks */,
				3D4A5B1229804019005550E1 /* Resources */,
				FA04BBC1CB49DEDAA7E1F533 /* [CP] Embed Pods Frameworks */,
			);
			buildRules = (
			);
			dependencies = (
			);
			name = Diplom;
			productName = Diplom;
			productReference = 3D4A5B1429804019005550E1 /* Diplom.app */;
			productType = "com.apple.product-type.application";
		};
/* End PBXNativeTarget section */

/* Begin PBXProject section */
		3D4A5B0C29804019005550E1 /* Project object */ = {
			isa = PBXProject;
			attributes = {
				BuildIndependentTargetsInParallel = 1;
				LastSwiftUpdateCheck = 1420;
				LastUpgradeCheck = 1420;
				TargetAttributes = {
					3D4A5B1329804019005550E1 = {
						CreatedOnToolsVersion = 14.2;
					};
				};
			};
			buildConfigurationList = 3D4A5B0F29804019005550E1 /* Build configuration list for PBXProject "Diplom" */;
			compatibilityVersion = "Xcode 14.0";
			developmentRegion = en;
			hasScannedForEncodings = 0;
			knownRegions = (
				en,
				Base,
			);
			mainGroup = 3D4A5B0B29804019005550E1;
			productRefGroup = 3D4A5B1529804019005550E1 /* Products */;
			projectDirPath = "";
			projectRoot = "";
			targets = (
				3D4A5B1329804019005550E1 /* Diplom */,
			);
		};
/* End PBXProject section */

/* Begin PBXResourcesBuildPhase section */
		3D4A5B1229804019005550E1 /* Resources */ = {
			isa = PBXResourcesBuildPhase;
			buildActionMask = 2147483647;
			files = (
				3D4A5B242980401A005550E1 /* LaunchScreen.storyboard in Resources */,
				3D4A5B212980401A005550E1 /* Assets.xcassets in Resources */,
			);
			runOnlyForDeploymentPostprocessing = 0;
		};
/* End PBXResourcesBuildPhase section */

/* Begin PBXShellScriptBuildPhase section */
		D5A108A8E0BCDFE507EE3C67 /* [CP] Check Pods Manifest.lock */ = {
			isa = PBXShellScriptBuildPhase;
			buildActionMask = 2147483647;
			files = (
			);
			inputFileListPaths = (
			);
			inputPaths = (
				"${PODS_PODFILE_DIR_PATH}/Podfile.lock",
				"${PODS_ROOT}/Manifest.lock",
			);
			name = "[CP] Check Pods Manifest.lock";
			outputFileListPaths = (
			);
			outputPaths = (
				"$(DERIVED_FILE_DIR)/Pods-Diplom-checkManifestLockResult.txt",
			);
			runOnlyForDeploymentPostprocessing = 0;
			shellPath = /bin/sh;
			shellScript = "diff \"${PODS_PODFILE_DIR_PATH}/Podfile.lock\" \"${PODS_ROOT}/Manifest.lock\" > /dev/null\nif [ $? != 0 ] ; then\n    # print error to STDERR\n    echo \"error: The sandbox is not in sync with the Podfile.lock. Run 'pod install' or update your CocoaPods installation.\" >&2\n    exit 1\nfi\n# This output is used by Xcode 'outputs' to avoid re-running this script phase.\necho \"SUCCESS\" > \"${SCRIPT_OUTPUT_FILE_0}\"\n";
			showEnvVarsInLog = 0;
		};
		FA04BBC1CB49DEDAA7E1F533 /* [CP] Embed Pods Frameworks */ = {
			isa = PBXShellScriptBuildPhase;
			buildActionMask = 2147483647;
			files = (
			);
			inputFileListPaths = (
				"${PODS_ROOT}/Target Support Files/Pods-Diplom/Pods-Diplom-frameworks-${CONFIGURATION}-input-files.xcfilelist",
			);
			name = "[CP] Embed Pods Frameworks";
			outputFileListPaths = (
				"${PODS_ROOT}/Target Support Files/Pods-Diplom/Pods-Diplom-frameworks-${CONFIGURATION}-output-files.xcfilelist",
			);
			runOnlyForDeploymentPostprocessing = 0;
			shellPath = /bin/sh;
			shellScript = "\"${PODS_ROOT}/Target Support Files/Pods-Diplom/Pods-Diplom-frameworks.sh\"\n";
			showEnvVarsInLog = 0;
		};
/* End PBXShellScriptBuildPhase section */

/* Begin PBXSourcesBuildPhase section */
		3D4A5B1029804019005550E1 /* Sources */ = {
			isa = PBXSourcesBuildPhase;
			buildActionMask = 2147483647;
			files = (
				3D4A5B3E298048B2005550E1 /* SettingsVC.swift in Sources */,
				3D4A5B1C29804019005550E1 /* MainNavigationController.swift in Sources */,
				3D4A5B3629804705005550E1 /* MeasureVC.swift in Sources */,
				3D4A5B1829804019005550E1 /* AppDelegate.swift in Sources */,
				3DF1BFB029C329BD00CE8F98 /* BluetoothTableView.swift in Sources */,
				3D4A5B3C2980489A005550E1 /* StorageVC.swift in Sources */,
				3D4A5B3A29804888005550E1 /* CalibrationVC.swift in Sources */,
				3D4A5B4129804D73005550E1 /* Resources.swift in Sources */,
				3D5ADDD629A8D8FE009B46BE /* CalibrationView.swift in Sources */,
				3D5ADDD529A8C2E1009B46BE /* CalibrationTableColumn.swift in Sources */,
				3DB1943329A3D9D80070DF3A /* TextField + Extension.swift in Sources */,
				3D4A5B1A29804019005550E1 /* SceneDelegate.swift in Sources */,
				3D4173AD298AF669003E27F5 /* AppButton.swift in Sources */,
				3DC712E0298175E400AE8960 /* MeasureView.swift in Sources */,
				3D4A5B382980474F005550E1 /* BluetoothVC.swift in Sources */,
				3D4A5B4429805458005550E1 /* UIColor + Extension.swift in Sources */,
				3D4173AF298B057B003E27F5 /* BluetoothView.swift in Sources */,
				3D5423B129C0D737000E76CA /* BluetoothPresenter.swift in Sources */,
				3DAEC8A829BF01390080B157 /* BluetoothManager.swift in Sources */,
				3D7699E0299F76A10066B790 /* SettigsView.swift in Sources */,
				3DB91FFB29A76E0500FA4A7D /* StorageView.swift in Sources */,
				3DF781412993EC78003E0E46 /* DataView.swift in Sources */,
			);
			runOnlyForDeploymentPostprocessing = 0;
		};
/* End PBXSourcesBuildPhase section */

/* Begin PBXVariantGroup section */
		3D4A5B222980401A005550E1 /* LaunchScreen.storyboard */ = {
			isa = PBXVariantGroup;
			children = (
				3D4A5B232980401A005550E1 /* Base */,
			);
			name = LaunchScreen.storyboard;
			sourceTree = "<group>";
		};
/* End PBXVariantGroup section */

/* Begin XCBuildConfiguration section */
		3D4A5B262980401A005550E1 /* Debug */ = {
			isa = XCBuildConfiguration;
			buildSettings = {
				ALWAYS_SEARCH_USER_PATHS = NO;
				CLANG_ANALYZER_NONNULL = YES;
				CLANG_ANALYZER_NUMBER_OBJECT_CONVERSION = YES_AGGRESSIVE;
				CLANG_CXX_LANGUAGE_STANDARD = "gnu++20";
				CLANG_ENABLE_MODULES = YES;
				CLANG_ENABLE_OBJC_ARC = YES;
				CLANG_ENABLE_OBJC_WEAK = YES;
				CLANG_WARN_BLOCK_CAPTURE_AUTORELEASING = YES;
				CLANG_WARN_BOOL_CONVERSION = YES;
				CLANG_WARN_COMMA = YES;
				CLANG_WARN_CONSTANT_CONVERSION = YES;
				CLANG_WARN_DEPRECATED_OBJC_IMPLEMENTATIONS = YES;
				CLANG_WARN_DIRECT_OBJC_ISA_USAGE = YES_ERROR;
				CLANG_WARN_DOCUMENTATION_COMMENTS = YES;
				CLANG_WARN_EMPTY_BODY = YES;
				CLANG_WARN_ENUM_CONVERSION = YES;
				CLANG_WARN_INFINITE_RECURSION = YES;
				CLANG_WARN_INT_CONVERSION = YES;
				CLANG_WARN_NON_LITERAL_NULL_CONVERSION = YES;
				CLANG_WARN_OBJC_IMPLICIT_RETAIN_SELF = YES;
				CLANG_WARN_OBJC_LITERAL_CONVERSION = YES;
				CLANG_WARN_OBJC_ROOT_CLASS = YES_ERROR;
				CLANG_WARN_QUOTED_INCLUDE_IN_FRAMEWORK_HEADER = YES;
				CLANG_WARN_RANGE_LOOP_ANALYSIS = YES;
				CLANG_WARN_STRICT_PROTOTYPES = YES;
				CLANG_WARN_SUSPICIOUS_MOVE = YES;
				CLANG_WARN_UNGUARDED_AVAILABILITY = YES_AGGRESSIVE;
				CLANG_WARN_UNREACHABLE_CODE = YES;
				CLANG_WARN__DUPLICATE_METHOD_MATCH = YES;
				COPY_PHASE_STRIP = NO;
				DEBUG_INFORMATION_FORMAT = dwarf;
				ENABLE_STRICT_OBJC_MSGSEND = YES;
				ENABLE_TESTABILITY = YES;
				GCC_C_LANGUAGE_STANDARD = gnu11;
				GCC_DYNAMIC_NO_PIC = NO;
				GCC_NO_COMMON_BLOCKS = YES;
				GCC_OPTIMIZATION_LEVEL = 0;
				GCC_PREPROCESSOR_DEFINITIONS = (
					"DEBUG=1",
					"$(inherited)",
				);
				GCC_WARN_64_TO_32_BIT_CONVERSION = YES;
				GCC_WARN_ABOUT_RETURN_TYPE = YES_ERROR;
				GCC_WARN_UNDECLARED_SELECTOR = YES;
				GCC_WARN_UNINITIALIZED_AUTOS = YES_AGGRESSIVE;
				GCC_WARN_UNUSED_FUNCTION = YES;
				GCC_WARN_UNUSED_VARIABLE = YES;
				IPHONEOS_DEPLOYMENT_TARGET = 16.2;
				MTL_ENABLE_DEBUG_INFO = INCLUDE_SOURCE;
				MTL_FAST_MATH = YES;
				ONLY_ACTIVE_ARCH = YES;
				SDKROOT = iphoneos;
				SWIFT_ACTIVE_COMPILATION_CONDITIONS = DEBUG;
				SWIFT_OPTIMIZATION_LEVEL = "-Onone";
			};
			name = Debug;
		};
		3D4A5B272980401A005550E1 /* Release */ = {
			isa = XCBuildConfiguration;
			buildSettings = {
				ALWAYS_SEARCH_USER_PATHS = NO;
				CLANG_ANALYZER_NONNULL = YES;
				CLANG_ANALYZER_NUMBER_OBJECT_CONVERSION = YES_AGGRESSIVE;
				CLANG_CXX_LANGUAGE_STANDARD = "gnu++20";
				CLANG_ENABLE_MODULES = YES;
				CLANG_ENABLE_OBJC_ARC = YES;
				CLANG_ENABLE_OBJC_WEAK = YES;
				CLANG_WARN_BLOCK_CAPTURE_AUTORELEASING = YES;
				CLANG_WARN_BOOL_CONVERSION = YES;
				CLANG_WARN_COMMA = YES;
				CLANG_WARN_CONSTANT_CONVERSION = YES;
				CLANG_WARN_DEPRECATED_OBJC_IMPLEMENTATIONS = YES;
				CLANG_WARN_DIRECT_OBJC_ISA_USAGE = YES_ERROR;
				CLANG_WARN_DOCUMENTATION_COMMENTS = YES;
				CLANG_WARN_EMPTY_BODY = YES;
				CLANG_WARN_ENUM_CONVERSION = YES;
				CLANG_WARN_INFINITE_RECURSION = YES;
				CLANG_WARN_INT_CONVERSION = YES;
				CLANG_WARN_NON_LITERAL_NULL_CONVERSION = YES;
				CLANG_WARN_OBJC_IMPLICIT_RETAIN_SELF = YES;
				CLANG_WARN_OBJC_LITERAL_CONVERSION = YES;
				CLANG_WARN_OBJC_ROOT_CLASS = YES_ERROR;
				CLANG_WARN_QUOTED_INCLUDE_IN_FRAMEWORK_HEADER = YES;
				CLANG_WARN_RANGE_LOOP_ANALYSIS = YES;
				CLANG_WARN_STRICT_PROTOTYPES = YES;
				CLANG_WARN_SUSPICIOUS_MOVE = YES;
				CLANG_WARN_UNGUARDED_AVAILABILITY = YES_AGGRESSIVE;
				CLANG_WARN_UNREACHABLE_CODE = YES;
				CLANG_WARN__DUPLICATE_METHOD_MATCH = YES;
				COPY_PHASE_STRIP = NO;
				DEBUG_INFORMATION_FORMAT = "dwarf-with-dsym";
				ENABLE_NS_ASSERTIONS = NO;
				ENABLE_STRICT_OBJC_MSGSEND = YES;
				GCC_C_LANGUAGE_STANDARD = gnu11;
				GCC_NO_COMMON_BLOCKS = YES;
				GCC_WARN_64_TO_32_BIT_CONVERSION = YES;
				GCC_WARN_ABOUT_RETURN_TYPE = YES_ERROR;
				GCC_WARN_UNDECLARED_SELECTOR = YES;
				GCC_WARN_UNINITIALIZED_AUTOS = YES_AGGRESSIVE;
				GCC_WARN_UNUSED_FUNCTION = YES;
				GCC_WARN_UNUSED_VARIABLE = YES;
				IPHONEOS_DEPLOYMENT_TARGET = 16.2;
				MTL_ENABLE_DEBUG_INFO = NO;
				MTL_FAST_MATH = YES;
				SDKROOT = iphoneos;
				SWIFT_COMPILATION_MODE = wholemodule;
				SWIFT_OPTIMIZATION_LEVEL = "-O";
				VALIDATE_PRODUCT = YES;
			};
			name = Release;
		};
		3D4A5B292980401A005550E1 /* Debug */ = {
			isa = XCBuildConfiguration;
			baseConfigurationReference = 218BAB72934751F319C8455B /* Pods-Diplom.debug.xcconfig */;
			buildSettings = {
				ASSETCATALOG_COMPILER_APPICON_NAME = AppIcon;
				ASSETCATALOG_COMPILER_GLOBAL_ACCENT_COLOR_NAME = AccentColor;
				CODE_SIGN_STYLE = Automatic;
				CURRENT_PROJECT_VERSION = 1;
				DEVELOPMENT_TEAM = YXMR2NC7BY;
				GENERATE_INFOPLIST_FILE = YES;
				INFOPLIST_FILE = Diplom/Resources/Info.plist;
				INFOPLIST_KEY_LSApplicationCategoryType = "public.app-category.developer-tools";
				INFOPLIST_KEY_NSBluetoothAlwaysUsageDescription = "";
				INFOPLIST_KEY_NSBluetoothPeripheralUsageDescription = "";
				INFOPLIST_KEY_UIApplicationSupportsIndirectInputEvents = YES;
				INFOPLIST_KEY_UILaunchStoryboardName = LaunchScreen;
				INFOPLIST_KEY_UISupportedInterfaceOrientations = UIInterfaceOrientationPortrait;
				IPHONEOS_DEPLOYMENT_TARGET = 13.0;
				LD_RUNPATH_SEARCH_PATHS = (
					"$(inherited)",
					"@executable_path/Frameworks",
				);
				MARKETING_VERSION = 1.0;
				PRODUCT_BUNDLE_IDENTIFIER = "-.1Diplom";
				PRODUCT_NAME = "$(TARGET_NAME)";
				SWIFT_EMIT_LOC_STRINGS = YES;
				SWIFT_VERSION = 5.0;
				TARGETED_DEVICE_FAMILY = "1,2";
			};
			name = Debug;
		};
		3D4A5B2A2980401A005550E1 /* Release */ = {
			isa = XCBuildConfiguration;
			baseConfigurationReference = 1BAA7C823774D6163DD68DD3 /* Pods-Diplom.release.xcconfig */;
			buildSettings = {
				ASSETCATALOG_COMPILER_APPICON_NAME = AppIcon;
				ASSETCATALOG_COMPILER_GLOBAL_ACCENT_COLOR_NAME = AccentColor;
				CODE_SIGN_STYLE = Automatic;
				CURRENT_PROJECT_VERSION = 1;
				DEVELOPMENT_TEAM = YXMR2NC7BY;
				GENERATE_INFOPLIST_FILE = YES;
				INFOPLIST_FILE = Diplom/Resources/Info.plist;
				INFOPLIST_KEY_LSApplicationCategoryType = "public.app-category.developer-tools";
				INFOPLIST_KEY_NSBluetoothAlwaysUsageDescription = "";
				INFOPLIST_KEY_NSBluetoothPeripheralUsageDescription = "";
				INFOPLIST_KEY_UIApplicationSupportsIndirectInputEvents = YES;
				INFOPLIST_KEY_UILaunchStoryboardName = LaunchScreen;
				INFOPLIST_KEY_UISupportedInterfaceOrientations = UIInterfaceOrientationPortrait;
				IPHONEOS_DEPLOYMENT_TARGET = 13.0;
				LD_RUNPATH_SEARCH_PATHS = (
					"$(inherited)",
					"@executable_path/Frameworks",
				);
				MARKETING_VERSION = 1.0;
				PRODUCT_BUNDLE_IDENTIFIER = "-.1Diplom";
				PRODUCT_NAME = "$(TARGET_NAME)";
				SWIFT_EMIT_LOC_STRINGS = YES;
				SWIFT_VERSION = 5.0;
				TARGETED_DEVICE_FAMILY = "1,2";
			};
			name = Release;
		};
/* End XCBuildConfiguration section */

/* Begin XCConfigurationList section */
		3D4A5B0F29804019005550E1 /* Build configuration list for PBXProject "Diplom" */ = {
			isa = XCConfigurationList;
			buildConfigurations = (
				3D4A5B262980401A005550E1 /* Debug */,
				3D4A5B272980401A005550E1 /* Release */,
			);
			defaultConfigurationIsVisible = 0;
			defaultConfigurationName = Release;
		};
		3D4A5B282980401A005550E1 /* Build configuration list for PBXNativeTarget "Diplom" */ = {
			isa = XCConfigurationList;
			buildConfigurations = (
				3D4A5B292980401A005550E1 /* Debug */,
				3D4A5B2A2980401A005550E1 /* Release */,
			);
			defaultConfigurationIsVisible = 0;
			defaultConfigurationName = Release;
		};
/* End XCConfigurationList section */
	};
	rootObject = 3D4A5B0C29804019005550E1 /* Project object */;
}
